
Microsoft Visual Studio Solution File, Format Version 12.00
# Visual Studio Version 17
VisualStudioVersion = 17.3.32922.545
MinimumVisualStudioVersion = 10.0.40219.1
Project("{FAE04EC0-301F-11D3-BF4B-00C04F79EFBC}") = "Shiro", "Shiro\Shiro.csproj", "{7C4CD5A0-F911-49FE-9A6F-38F8A936F0B1}"
EndProject
Global
	GlobalSection(SolutionConfigurationPlatforms) = preSolution
		Debug|Any CPU = Debug|Any CPU
		Release|Any CPU = Release|Any CPU
	EndGlobalSection
	GlobalSection(ProjectConfigurationPlatforms) = postSolution
		{7C4CD5A0-F911-49FE-9A6F-38F8A936F0B1}.Debug|Any CPU.ActiveCfg = Debug|Any CPU
		{7C4CD5A0-F911-49FE-9A6F-38F8A936F0B1}.Debug|Any CPU.Build.0 = Debug|Any CPU
		{7C4CD5A0-F911-49FE-9A6F-38F8A936F0B1}.Release|Any CPU.ActiveCfg = Release|Any CPU
		{7C4CD5A0-F911-49FE-9A6F-38F8A936F0B1}.Release|Any CPU.Build.0 = Release|Any CPU
	EndGlobalSection
	GlobalSection(SolutionProperties) = preSolution
		HideSolutionNode = FALSE
	EndGlobalSection
	GlobalSection(ExtensibilityGlobals) = postSolution
		SolutionGuid = {9E321027-F191-4A67-AC3E-D86292AF999C}
	EndGlobalSection
EndGlobal
